
Microsoft Visual Studio Solution File, Format Version 12.00
# Visual Studio 14
VisualStudioVersion = 14.0.25123.0
MinimumVisualStudioVersion = 10.0.40219.1
Project("{888888A0-9F3D-457C-B088-3A5042F75D52}") = "LouiesBBQTableTracker", "LouiesBBQTableTracker\LouiesBBQTableTracker.pyproj", "{8947AD64-93CF-467F-B1A0-7D3AB925A26B}"
EndProject
Global
	GlobalSection(SolutionConfigurationPlatforms) = preSolution
		Debug|Any CPU = Debug|Any CPU
		Release|Any CPU = Release|Any CPU
	EndGlobalSection
	GlobalSection(ProjectConfigurationPlatforms) = postSolution
		{8947AD64-93CF-467F-B1A0-7D3AB925A26B}.Debug|Any CPU.ActiveCfg = Debug|Any CPU
		{8947AD64-93CF-467F-B1A0-7D3AB925A26B}.Release|Any CPU.ActiveCfg = Release|Any CPU
	EndGlobalSection
	GlobalSection(SolutionProperties) = preSolution
		HideSolutionNode = FALSE
	EndGlobalSection
EndGlobal
